
Microsoft Visual Studio Solution File, Format Version 12.00
# Visual Studio Version 17
VisualStudioVersion = 17.4.33103.184
MinimumVisualStudioVersion = 10.0.40219.1
Project("{8BC9CEB8-8B4A-11D0-8D11-00A0C91BC942}") = "IOCP_02", "02\IOCP_02.vcxproj", "{B05C4CB4-1C3C-CB4F-2554-562691B231B1}"
EndProject
Project("{8BC9CEB8-8B4A-11D0-8D11-00A0C91BC942}") = "IOCP_01", "01\IOCP_01.vcxproj", "{5975048C-30EF-4D61-A112-6508B13FEB78}"
EndProject
Project("{8BC9CEB8-8B4A-11D0-8D11-00A0C91BC942}") = "IOCP_03", "03\IOCP_03.vcxproj", "{B25C4CB4-1E3C-CB4F-2754-562693B231B1}"
EndProject
Project("{8BC9CEB8-8B4A-11D0-8D11-00A0C91BC942}") = "IOCP_04", "04\IOCP_04.vcxproj", "{65A564D8-C247-4280-A894-0F8EFCA86B9B}"
EndProject
Project("{8BC9CEB8-8B4A-11D0-8D11-00A0C91BC942}") = "IOCP_05", "05\IOCP_05.vcxproj", "{8B046929-2A17-4BA6-B062-315006B7C2CD}"
EndProject
Project("{8BC9CEB8-8B4A-11D0-8D11-00A0C91BC942}") = "IOCP_06", "06\IOCP_06.vcxproj", "{CB30F320-4B4B-4065-89A1-3516A2A4E36A}"
EndProject
Project("{8BC9CEB8-8B4A-11D0-8D11-00A0C91BC942}") = "IOCP_07", "07\IOCP_07.vcxproj", "{3AABBED2-FCBF-4690-82C6-288C21E70052}"
EndProject
Project("{8BC9CEB8-8B4A-11D0-8D11-00A0C91BC942}") = "ChatServer_01", "08\ChatServer_01.vcxproj", "{3BBF06A8-59FC-472A-A440-AD66A813DA42}"
EndProject
Project("{8BC9CEB8-8B4A-11D0-8D11-00A0C91BC942}") = "ChatServer_02", "09\ChatServer_02.vcxproj", "{3D6EB567-1785-4427-997C-61A937B60709}"
EndProject
Project("{8BC9CEB8-8B4A-11D0-8D11-00A0C91BC942}") = "ChatServer_03", "10\ChatServer_03.vcxproj", "{51BA089A-13B7-403B-8422-14972E641F59}"
EndProject
Global
	GlobalSection(SolutionConfigurationPlatforms) = preSolution
		Debug Win64|x64 = Debug Win64|x64
		Release Win64|x64 = Release Win64|x64
	EndGlobalSection
	GlobalSection(ProjectConfigurationPlatforms) = postSolution
		{B05C4CB4-1C3C-CB4F-2554-562691B231B1}.Debug Win64|x64.ActiveCfg = Debug Win64|x64
		{B05C4CB4-1C3C-CB4F-2554-562691B231B1}.Debug Win64|x64.Build.0 = Debug Win64|x64
		{B05C4CB4-1C3C-CB4F-2554-562691B231B1}.Release Win64|x64.ActiveCfg = Release Win64|x64
		{B05C4CB4-1C3C-CB4F-2554-562691B231B1}.Release Win64|x64.Build.0 = Release Win64|x64
		{5975048C-30EF-4D61-A112-6508B13FEB78}.Debug Win64|x64.ActiveCfg = Debug Win64|x64
		{5975048C-30EF-4D61-A112-6508B13FEB78}.Debug Win64|x64.Build.0 = Debug Win64|x64
		{5975048C-30EF-4D61-A112-6508B13FEB78}.Release Win64|x64.ActiveCfg = Release Win64|x64
		{5975048C-30EF-4D61-A112-6508B13FEB78}.Release Win64|x64.Build.0 = Release Win64|x64
		{B25C4CB4-1E3C-CB4F-2754-562693B231B1}.Debug Win64|x64.ActiveCfg = Debug Win64|x64
		{B25C4CB4-1E3C-CB4F-2754-562693B231B1}.Debug Win64|x64.Build.0 = Debug Win64|x64
		{B25C4CB4-1E3C-CB4F-2754-562693B231B1}.Release Win64|x64.ActiveCfg = Release Win64|x64
		{B25C4CB4-1E3C-CB4F-2754-562693B231B1}.Release Win64|x64.Build.0 = Release Win64|x64
		{65A564D8-C247-4280-A894-0F8EFCA86B9B}.Debug Win64|x64.ActiveCfg = Debug Win64|x64
		{65A564D8-C247-4280-A894-0F8EFCA86B9B}.Debug Win64|x64.Build.0 = Debug Win64|x64
		{65A564D8-C247-4280-A894-0F8EFCA86B9B}.Release Win64|x64.ActiveCfg = Release Win64|x64
		{65A564D8-C247-4280-A894-0F8EFCA86B9B}.Release Win64|x64.Build.0 = Release Win64|x64
		{8B046929-2A17-4BA6-B062-315006B7C2CD}.Debug Win64|x64.ActiveCfg = Debug Win64|x64
		{8B046929-2A17-4BA6-B062-315006B7C2CD}.Debug Win64|x64.Build.0 = Debug Win64|x64
		{8B046929-2A17-4BA6-B062-315006B7C2CD}.Release Win64|x64.ActiveCfg = Release Win64|x64
		{8B046929-2A17-4BA6-B062-315006B7C2CD}.Release Win64|x64.Build.0 = Release Win64|x64
		{CB30F320-4B4B-4065-89A1-3516A2A4E36A}.Debug Win64|x64.ActiveCfg = Debug Win64|x64
		{CB30F320-4B4B-4065-89A1-3516A2A4E36A}.Debug Win64|x64.Build.0 = Debug Win64|x64
		{CB30F320-4B4B-4065-89A1-3516A2A4E36A}.Release Win64|x64.ActiveCfg = Release Win64|x64
		{CB30F320-4B4B-4065-89A1-3516A2A4E36A}.Release Win64|x64.Build.0 = Release Win64|x64
		{3AABBED2-FCBF-4690-82C6-288C21E70052}.Debug Win64|x64.ActiveCfg = Debug Win64|x64
		{3AABBED2-FCBF-4690-82C6-288C21E70052}.Debug Win64|x64.Build.0 = Debug Win64|x64
		{3AABBED2-FCBF-4690-82C6-288C21E70052}.Release Win64|x64.ActiveCfg = Release Win64|x64
		{3AABBED2-FCBF-4690-82C6-288C21E70052}.Release Win64|x64.Build.0 = Release Win64|x64
		{3BBF06A8-59FC-472A-A440-AD66A813DA42}.Debug Win64|x64.ActiveCfg = Debug Win64|x64
		{3BBF06A8-59FC-472A-A440-AD66A813DA42}.Debug Win64|x64.Build.0 = Debug Win64|x64
		{3BBF06A8-59FC-472A-A440-AD66A813DA42}.Release Win64|x64.ActiveCfg = Release Win64|x64
		{3BBF06A8-59FC-472A-A440-AD66A813DA42}.Release Win64|x64.Build.0 = Release Win64|x64
		{3D6EB567-1785-4427-997C-61A937B60709}.Debug Win64|x64.ActiveCfg = Debug Win64|x64
		{3D6EB567-1785-4427-997C-61A937B60709}.Debug Win64|x64.Build.0 = Debug Win64|x64
		{3D6EB567-1785-4427-997C-61A937B60709}.Release Win64|x64.ActiveCfg = Release Win64|x64
		{3D6EB567-1785-4427-997C-61A937B60709}.Release Win64|x64.Build.0 = Release Win64|x64
		{51BA089A-13B7-403B-8422-14972E641F59}.Debug Win64|x64.ActiveCfg = Debug Win64|x64
		{51BA089A-13B7-403B-8422-14972E641F59}.Debug Win64|x64.Build.0 = Debug Win64|x64
		{51BA089A-13B7-403B-8422-14972E641F59}.Release Win64|x64.ActiveCfg = Release Win64|x64
		{51BA089A-13B7-403B-8422-14972E641F59}.Release Win64|x64.Build.0 = Release Win64|x64
	EndGlobalSection
	GlobalSection(SolutionProperties) = preSolution
		HideSolutionNode = FALSE
	EndGlobalSection
	GlobalSection(ExtensibilityGlobals) = postSolution
		SolutionGuid = {9917AC48-95C1-4C7F-AA67-5DC650FF853C}
	EndGlobalSection
EndGlobal
