
Microsoft Visual Studio Solution File, Format Version 12.00
# Visual Studio Version 17
VisualStudioVersion = 17.4.33103.184
MinimumVisualStudioVersion = 10.0.40219.1
Project("{8BC9CEB8-8B4A-11D0-8D11-00A0C91BC942}") = "IOCP_05", "IOCP_05.vcxproj", "{8B046929-2A17-4BA6-B062-315006B7C2CD}"
EndProject
Global
	GlobalSection(SolutionConfigurationPlatforms) = preSolution
		Debug|Win64 = Debug|Win64
		Release|Win64 = Release|Win64
	EndGlobalSection
	GlobalSection(ProjectConfigurationPlatforms) = postSolution
		{8B046929-2A17-4BA6-B062-315006B7C2CD}.Debug|Win64.ActiveCfg = Debug Win64|x64
		{8B046929-2A17-4BA6-B062-315006B7C2CD}.Debug|Win64.Build.0 = Debug Win64|x64
		{8B046929-2A17-4BA6-B062-315006B7C2CD}.Release|Win64.ActiveCfg = Release Win64|x64
		{8B046929-2A17-4BA6-B062-315006B7C2CD}.Release|Win64.Build.0 = Release Win64|x64
	EndGlobalSection
	GlobalSection(SolutionProperties) = preSolution
		HideSolutionNode = FALSE
	EndGlobalSection
	GlobalSection(ExtensibilityGlobals) = postSolution
		SolutionGuid = {9EEDA435-A83C-4836-82F2-BE698882AE26}
	EndGlobalSection
EndGlobal
