
Microsoft Visual Studio Solution File, Format Version 12.00
# Visual Studio Version 17
VisualStudioVersion = 17.4.33103.184
MinimumVisualStudioVersion = 10.0.40219.1
Project("{8BC9CEB8-8B4A-11D0-8D11-00A0C91BC942}") = "IOCP_07", "IOCP_07.vcxproj", "{3AABBED2-FCBF-4690-82C6-288C21E70052}"
EndProject
Global
	GlobalSection(SolutionConfigurationPlatforms) = preSolution
		Debug|Win64 = Debug|Win64
		Release|Win64 = Release|Win64
	EndGlobalSection
	GlobalSection(ProjectConfigurationPlatforms) = postSolution
		{3AABBED2-FCBF-4690-82C6-288C21E70052}.Debug|Win64.ActiveCfg = Debug Win64|x64
		{3AABBED2-FCBF-4690-82C6-288C21E70052}.Debug|Win64.Build.0 = Debug Win64|x64
		{3AABBED2-FCBF-4690-82C6-288C21E70052}.Release|Win64.ActiveCfg = Release Win64|x64
		{3AABBED2-FCBF-4690-82C6-288C21E70052}.Release|Win64.Build.0 = Release Win64|x64
	EndGlobalSection
	GlobalSection(SolutionProperties) = preSolution
		HideSolutionNode = FALSE
	EndGlobalSection
	GlobalSection(ExtensibilityGlobals) = postSolution
		SolutionGuid = {D5D4BF4A-926C-4A9E-9235-C4990B96DC98}
	EndGlobalSection
EndGlobal
